// !$*UTF8*$!
{
	archiveVersion = 1;
	classes = {
	};
	objectVersion = 50;
	objects = {

/* Begin PBXBuildFile section */
		5C0E662E20F42B73005F9747 /* AppDelegate.swift in Sources */ = {isa = PBXBuildFile; fileRef = 5C0E662D20F42B73005F9747 /* AppDelegate.swift */; };
		5C0E663020F42B73005F9747 /* art.scnassets in Resources */ = {isa = PBXBuildFile; fileRef = 5C0E662F20F42B73005F9747 /* art.scnassets */; };
		5C0E663220F42B73005F9747 /* ViewController.swift in Sources */ = {isa = PBXBuildFile; fileRef = 5C0E663120F42B73005F9747 /* ViewController.swift */; };
		5C0E663520F42B73005F9747 /* Main.storyboard in Resources */ = {isa = PBXBuildFile; fileRef = 5C0E663320F42B73005F9747 /* Main.storyboard */; };
		5C0E663720F42B76005F9747 /* Assets.xcassets in Resources */ = {isa = PBXBuildFile; fileRef = 5C0E663620F42B76005F9747 /* Assets.xcassets */; };
		D7346B91238B409800169702 /* target1.sks in Resources */ = {isa = PBXBuildFile; fileRef = D7346B90238B409700169702 /* target1.sks */; };
		D7346B94238B413900169702 /* target2.sks in Resources */ = {isa = PBXBuildFile; fileRef = D7346B93238B413900169702 /* target2.sks */; };
		D7346B98238B417D00169702 /* target3.sks in Resources */ = {isa = PBXBuildFile; fileRef = D7346B97238B417D00169702 /* target3.sks */; };
		D7346B9A238B418900169702 /* target4.sks in Resources */ = {isa = PBXBuildFile; fileRef = D7346B99238B418900169702 /* target4.sks */; };
		D7346B9E238B41A300169702 /* target6.sks in Resources */ = {isa = PBXBuildFile; fileRef = D7346B9D238B41A300169702 /* target6.sks */; };
		D7346BA0238B429D00169702 /* ball.sks in Resources */ = {isa = PBXBuildFile; fileRef = D7346B9F238B429D00169702 /* ball.sks */; };
		D7346BA1238B5CA400169702 /* target5.sks in Resources */ = {isa = PBXBuildFile; fileRef = D7346B9B238B419700169702 /* target5.sks */; };
		D7346BA3238BEA8000169702 /* FocusSquare.swift in Sources */ = {isa = PBXBuildFile; fileRef = D7346BA2238BEA8000169702 /* FocusSquare.swift */; };
		D7BDD39A238B39520087173B /* iPhoneX-red.sks in Resources */ = {isa = PBXBuildFile; fileRef = D7BDD399238B39520087173B /* iPhoneX-red.sks */; };
		D7BDD39D238B3A200087173B /* LaunchScreen.storyboard in Resources */ = {isa = PBXBuildFile; fileRef = D7BDD39C238B3A200087173B /* LaunchScreen.storyboard */; };
		D7BDD39F238B3A610087173B /* target.png in Resources */ = {isa = PBXBuildFile; fileRef = D7BDD39E238B3A610087173B /* target.png */; };
		DE9A1C3E23948B06001C8C24 /* DetailViewController.swift in Sources */ = {isa = PBXBuildFile; fileRef = DE9A1C3D23948B06001C8C24 /* DetailViewController.swift */; };
/* End PBXBuildFile section */

/* Begin PBXFileReference section */
		5C0E662A20F42B73005F9747 /* AR Detection v1.0.app */ = {isa = PBXFileReference; explicitFileType = wrapper.application; includeInIndex = 0; path = "AR Detection v1.0.app"; sourceTree = BUILT_PRODUCTS_DIR; };
		5C0E662D20F42B73005F9747 /* AppDelegate.swift */ = {isa = PBXFileReference; lastKnownFileType = sourcecode.swift; path = AppDelegate.swift; sourceTree = "<group>"; };
		5C0E662F20F42B73005F9747 /* art.scnassets */ = {isa = PBXFileReference; lastKnownFileType = wrapper.scnassets; path = art.scnassets; sourceTree = "<group>"; };
		5C0E663120F42B73005F9747 /* ViewController.swift */ = {isa = PBXFileReference; lastKnownFileType = sourcecode.swift; path = ViewController.swift; sourceTree = "<group>"; };
		5C0E663420F42B73005F9747 /* Base */ = {isa = PBXFileReference; lastKnownFileType = file.storyboard; name = Base; path = Base.lproj/Main.storyboard; sourceTree = "<group>"; };
		5C0E663620F42B76005F9747 /* Assets.xcassets */ = {isa = PBXFileReference; lastKnownFileType = folder.assetcatalog; path = Assets.xcassets; sourceTree = "<group>"; };
		5C0E663B20F42B76005F9747 /* Info.plist */ = {isa = PBXFileReference; lastKnownFileType = text.plist.xml; path = Info.plist; sourceTree = "<group>"; };
		D7346B90238B409700169702 /* target1.sks */ = {isa = PBXFileReference; lastKnownFileType = file.sks; path = target1.sks; sourceTree = "<group>"; };
		D7346B93238B413900169702 /* target2.sks */ = {isa = PBXFileReference; lastKnownFileType = file.sks; path = target2.sks; sourceTree = "<group>"; };
		D7346B97238B417D00169702 /* target3.sks */ = {isa = PBXFileReference; lastKnownFileType = file.sks; path = target3.sks; sourceTree = "<group>"; };
		D7346B99238B418900169702 /* target4.sks */ = {isa = PBXFileReference; lastKnownFileType = file.sks; path = target4.sks; sourceTree = "<group>"; };
		D7346B9B238B419700169702 /* target5.sks */ = {isa = PBXFileReference; lastKnownFileType = file.sks; path = target5.sks; sourceTree = "<group>"; };
		D7346B9D238B41A300169702 /* target6.sks */ = {isa = PBXFileReference; lastKnownFileType = file.sks; path = target6.sks; sourceTree = "<group>"; };
		D7346B9F238B429D00169702 /* ball.sks */ = {isa = PBXFileReference; lastKnownFileType = file.sks; path = ball.sks; sourceTree = "<group>"; };
		D7346BA2238BEA8000169702 /* FocusSquare.swift */ = {isa = PBXFileReference; lastKnownFileType = sourcecode.swift; path = FocusSquare.swift; sourceTree = "<group>"; };
		D7BDD399238B39520087173B /* iPhoneX-red.sks */ = {isa = PBXFileReference; lastKnownFileType = file.sks; path = "iPhoneX-red.sks"; sourceTree = "<group>"; };
		D7BDD39C238B3A200087173B /* LaunchScreen.storyboard */ = {isa = PBXFileReference; fileEncoding = 4; lastKnownFileType = file.storyboard; path = LaunchScreen.storyboard; sourceTree = "<group>"; };
		D7BDD39E238B3A610087173B /* target.png */ = {isa = PBXFileReference; lastKnownFileType = image.png; path = target.png; sourceTree = "<group>"; };
		DE9A1C3D23948B06001C8C24 /* DetailViewController.swift */ = {isa = PBXFileReference; lastKnownFileType = sourcecode.swift; path = DetailViewController.swift; sourceTree = "<group>"; };
/* End PBXFileReference section */

/* Begin PBXFrameworksBuildPhase section */
		5C0E662720F42B73005F9747 /* Frameworks */ = {
			isa = PBXFrameworksBuildPhase;
			buildActionMask = 2147483647;
			files = (
			);
			runOnlyForDeploymentPostprocessing = 0;
		};
/* End PBXFrameworksBuildPhase section */

/* Begin PBXGroup section */
		5C0E662120F42B73005F9747 = {
			isa = PBXGroup;
			children = (
				5C0E662C20F42B73005F9747 /* ARImageDetection */,
				5C0E662B20F42B73005F9747 /* Products */,
			);
			sourceTree = "<group>";
		};
		5C0E662B20F42B73005F9747 /* Products */ = {
			isa = PBXGroup;
			children = (
				5C0E662A20F42B73005F9747 /* AR Detection v1.0.app */,
			);
			name = Products;
			sourceTree = "<group>";
		};
		5C0E662C20F42B73005F9747 /* ARImageDetection */ = {
			isa = PBXGroup;
			children = (
				5C0E662D20F42B73005F9747 /* AppDelegate.swift */,
				5C0E663120F42B73005F9747 /* ViewController.swift */,
				DE9A1C3D23948B06001C8C24 /* DetailViewController.swift */,
				D7346BA2238BEA8000169702 /* FocusSquare.swift */,
				5C0E663620F42B76005F9747 /* Assets.xcassets */,
				5C0E662F20F42B73005F9747 /* art.scnassets */,
				D7BDD39B238B39860087173B /* SKS */,
				5C0E663320F42B73005F9747 /* Main.storyboard */,
				D7BDD39C238B3A200087173B /* LaunchScreen.storyboard */,
				D7BDD39E238B3A610087173B /* target.png */,
				5C0E663B20F42B76005F9747 /* Info.plist */,
			);
			path = ARImageDetection;
			sourceTree = "<group>";
		};
		D7BDD39B238B39860087173B /* SKS */ = {
			isa = PBXGroup;
			children = (
				D7BDD399238B39520087173B /* iPhoneX-red.sks */,
				D7346B90238B409700169702 /* target1.sks */,
				D7346B93238B413900169702 /* target2.sks */,
				D7346B97238B417D00169702 /* target3.sks */,
				D7346B99238B418900169702 /* target4.sks */,
				D7346B9B238B419700169702 /* target5.sks */,
				D7346B9D238B41A300169702 /* target6.sks */,
				D7346B9F238B429D00169702 /* ball.sks */,
			);
			name = SKS;
			path = ARImageDetection/SKS;
			sourceTree = SOURCE_ROOT;
		};
/* End PBXGroup section */

/* Begin PBXNativeTarget section */
		5C0E662920F42B73005F9747 /* AR Detection */ = {
			isa = PBXNativeTarget;
			buildConfigurationList = 5C0E663E20F42B76005F9747 /* Build configuration list for PBXNativeTarget "AR Detection" */;
			buildPhases = (
				5C0E662620F42B73005F9747 /* Sources */,
				5C0E662720F42B73005F9747 /* Frameworks */,
				5C0E662820F42B73005F9747 /* Resources */,
			);
			buildRules = (
			);
			dependencies = (
			);
			name = "AR Detection";
			productName = ARImageDetection;
			productReference = 5C0E662A20F42B73005F9747 /* AR Detection v1.0.app */;
			productType = "com.apple.product-type.application";
		};
/* End PBXNativeTarget section */

/* Begin PBXProject section */
		5C0E662220F42B73005F9747 /* Project object */ = {
			isa = PBXProject;
			attributes = {
				LastSwiftUpdateCheck = 1000;
				LastUpgradeCheck = 1000;
				ORGANIZATIONNAME = "Willie Yam";
				TargetAttributes = {
					5C0E662920F42B73005F9747 = {
						CreatedOnToolsVersion = 10.0;
					};
				};
			};
			buildConfigurationList = 5C0E662520F42B73005F9747 /* Build configuration list for PBXProject "AR Detection" */;
			compatibilityVersion = "Xcode 9.3";
			developmentRegion = en;
			hasScannedForEncodings = 0;
			knownRegions = (
				en,
				Base,
			);
			mainGroup = 5C0E662120F42B73005F9747;
			productRefGroup = 5C0E662B20F42B73005F9747 /* Products */;
			projectDirPath = "";
			projectRoot = "";
			targets = (
				5C0E662920F42B73005F9747 /* AR Detection */,
			);
		};
/* End PBXProject section */

/* Begin PBXResourcesBuildPhase section */
		5C0E662820F42B73005F9747 /* Resources */ = {
			isa = PBXResourcesBuildPhase;
			buildActionMask = 2147483647;
			files = (
				5C0E663020F42B73005F9747 /* art.scnassets in Resources */,
				5C0E663720F42B76005F9747 /* Assets.xcassets in Resources */,
				D7346B9A238B418900169702 /* target4.sks in Resources */,
				D7346BA0238B429D00169702 /* ball.sks in Resources */,
				D7346B9E238B41A300169702 /* target6.sks in Resources */,
				D7BDD39F238B3A610087173B /* target.png in Resources */,
				D7346BA1238B5CA400169702 /* target5.sks in Resources */,
				D7346B98238B417D00169702 /* target3.sks in Resources */,
				D7BDD39D238B3A200087173B /* LaunchScreen.storyboard in Resources */,
				D7346B94238B413900169702 /* target2.sks in Resources */,
				D7BDD39A238B39520087173B /* iPhoneX-red.sks in Resources */,
				5C0E663520F42B73005F9747 /* Main.storyboard in Resources */,
				D7346B91238B409800169702 /* target1.sks in Resources */,
			);
			runOnlyForDeploymentPostprocessing = 0;
		};
/* End PBXResourcesBuildPhase section */

/* Begin PBXSourcesBuildPhase section */
		5C0E662620F42B73005F9747 /* Sources */ = {
			isa = PBXSourcesBuildPhase;
			buildActionMask = 2147483647;
			files = (
				5C0E663220F42B73005F9747 /* ViewController.swift in Sources */,
				D7346BA3238BEA8000169702 /* FocusSquare.swift in Sources */,
				5C0E662E20F42B73005F9747 /* AppDelegate.swift in Sources */,
				DE9A1C3E23948B06001C8C24 /* DetailViewController.swift in Sources */,
			);
			runOnlyForDeploymentPostprocessing = 0;
		};
/* End PBXSourcesBuildPhase section */

/* Begin PBXVariantGroup section */
		5C0E663320F42B73005F9747 /* Main.storyboard */ = {
			isa = PBXVariantGroup;
			children = (
				5C0E663420F42B73005F9747 /* Base */,
			);
			name = Main.storyboard;
			sourceTree = "<group>";
		};
/* End PBXVariantGroup section */

/* Begin XCBuildConfiguration section */
		5C0E663C20F42B76005F9747 /* Debug */ = {
			isa = XCBuildConfiguration;
			buildSettings = {
				ALWAYS_SEARCH_USER_PATHS = NO;
				CLANG_ANALYZER_NONNULL = YES;
				CLANG_ANALYZER_NUMBER_OBJECT_CONVERSION = YES_AGGRESSIVE;
				CLANG_CXX_LANGUAGE_STANDARD = "gnu++14";
				CLANG_CXX_LIBRARY = "libc++";
				CLANG_ENABLE_MODULES = YES;
				CLANG_ENABLE_OBJC_ARC = YES;
				CLANG_ENABLE_OBJC_WEAK = YES;
				CLANG_WARN_BLOCK_CAPTURE_AUTORELEASING = YES;
				CLANG_WARN_BOOL_CONVERSION = YES;
				CLANG_WARN_COMMA = YES;
				CLANG_WARN_CONSTANT_CONVERSION = YES;
				CLANG_WARN_DEPRECATED_OBJC_IMPLEMENTATIONS = YES;
				CLANG_WARN_DIRECT_OBJC_ISA_USAGE = YES_ERROR;
				CLANG_WARN_DOCUMENTATION_COMMENTS = YES;
				CLANG_WARN_EMPTY_BODY = YES;
				CLANG_WARN_ENUM_CONVERSION = YES;
				CLANG_WARN_INFINITE_RECURSION = YES;
				CLANG_WARN_INT_CONVERSION = YES;
				CLANG_WARN_NON_LITERAL_NULL_CONVERSION = YES;
				CLANG_WARN_OBJC_IMPLICIT_RETAIN_SELF = YES;
				CLANG_WARN_OBJC_LITERAL_CONVERSION = YES;
				CLANG_WARN_OBJC_ROOT_CLASS = YES_ERROR;
				CLANG_WARN_RANGE_LOOP_ANALYSIS = YES;
				CLANG_WARN_STRICT_PROTOTYPES = YES;
				CLANG_WARN_SUSPICIOUS_MOVE = YES;
				CLANG_WARN_UNGUARDED_AVAILABILITY = YES_AGGRESSIVE;
				CLANG_WARN_UNREACHABLE_CODE = YES;
				CLANG_WARN__DUPLICATE_METHOD_MATCH = YES;
				CODE_SIGN_IDENTITY = "iPhone Developer";
				COPY_PHASE_STRIP = NO;
				DEBUG_INFORMATION_FORMAT = dwarf;
				ENABLE_STRICT_OBJC_MSGSEND = YES;
				ENABLE_TESTABILITY = YES;
				GCC_C_LANGUAGE_STANDARD = gnu11;
				GCC_DYNAMIC_NO_PIC = NO;
				GCC_NO_COMMON_BLOCKS = YES;
				GCC_OPTIMIZATION_LEVEL = 0;
				GCC_PREPROCESSOR_DEFINITIONS = (
					"DEBUG=1",
					"$(inherited)",
				);
				GCC_WARN_64_TO_32_BIT_CONVERSION = YES;
				GCC_WARN_ABOUT_RETURN_TYPE = YES_ERROR;
				GCC_WARN_UNDECLARED_SELECTOR = YES;
				GCC_WARN_UNINITIALIZED_AUTOS = YES_AGGRESSIVE;
				GCC_WARN_UNUSED_FUNCTION = YES;
				GCC_WARN_UNUSED_VARIABLE = YES;
				IPHONEOS_DEPLOYMENT_TARGET = 12.0;
				MTL_ENABLE_DEBUG_INFO = INCLUDE_SOURCE;
				ONLY_ACTIVE_ARCH = YES;
				SDKROOT = iphoneos;
				SWIFT_ACTIVE_COMPILATION_CONDITIONS = DEBUG;
				SWIFT_OPTIMIZATION_LEVEL = "-Onone";
			};
			name = Debug;
		};
		5C0E663D20F42B76005F9747 /* Release */ = {
			isa = XCBuildConfiguration;
			buildSettings = {
				ALWAYS_SEARCH_USER_PATHS = NO;
				CLANG_ANALYZER_NONNULL = YES;
				CLANG_ANALYZER_NUMBER_OBJECT_CONVERSION = YES_AGGRESSIVE;
				CLANG_CXX_LANGUAGE_STANDARD = "gnu++14";
				CLANG_CXX_LIBRARY = "libc++";
				CLANG_ENABLE_MODULES = YES;
				CLANG_ENABLE_OBJC_ARC = YES;
				CLANG_ENABLE_OBJC_WEAK = YES;
				CLANG_WARN_BLOCK_CAPTURE_AUTORELEASING = YES;
				CLANG_WARN_BOOL_CONVERSION = YES;
				CLANG_WARN_COMMA = YES;
				CLANG_WARN_CONSTANT_CONVERSION = YES;
				CLANG_WARN_DEPRECATED_OBJC_IMPLEMENTATIONS = YES;
				CLANG_WARN_DIRECT_OBJC_ISA_USAGE = YES_ERROR;
				CLANG_WARN_DOCUMENTATION_COMMENTS = YES;
				CLANG_WARN_EMPTY_BODY = YES;
				CLANG_WARN_ENUM_CONVERSION = YES;
				CLANG_WARN_INFINITE_RECURSION = YES;
				CLANG_WARN_INT_CONVERSION = YES;
				CLANG_WARN_NON_LITERAL_NULL_CONVERSION = YES;
				CLANG_WARN_OBJC_IMPLICIT_RETAIN_SELF = YES;
				CLANG_WARN_OBJC_LITERAL_CONVERSION = YES;
				CLANG_WARN_OBJC_ROOT_CLASS = YES_ERROR;
				CLANG_WARN_RANGE_LOOP_ANALYSIS = YES;
				CLANG_WARN_STRICT_PROTOTYPES = YES;
				CLANG_WARN_SUSPICIOUS_MOVE = YES;
				CLANG_WARN_UNGUARDED_AVAILABILITY = YES_AGGRESSIVE;
				CLANG_WARN_UNREACHABLE_CODE = YES;
				CLANG_WARN__DUPLICATE_METHOD_MATCH = YES;
				CODE_SIGN_IDENTITY = "iPhone Developer";
				COPY_PHASE_STRIP = NO;
				DEBUG_INFORMATION_FORMAT = "dwarf-with-dsym";
				ENABLE_NS_ASSERTIONS = NO;
				ENABLE_STRICT_OBJC_MSGSEND = YES;
				GCC_C_LANGUAGE_STANDARD = gnu11;
				GCC_NO_COMMON_BLOCKS = YES;
				GCC_WARN_64_TO_32_BIT_CONVERSION = YES;
				GCC_WARN_ABOUT_RETURN_TYPE = YES_ERROR;
				GCC_WARN_UNDECLARED_SELECTOR = YES;
				GCC_WARN_UNINITIALIZED_AUTOS = YES_AGGRESSIVE;
				GCC_WARN_UNUSED_FUNCTION = YES;
				GCC_WARN_UNUSED_VARIABLE = YES;
				IPHONEOS_DEPLOYMENT_TARGET = 12.0;
				MTL_ENABLE_DEBUG_INFO = NO;
				SDKROOT = iphoneos;
				SWIFT_COMPILATION_MODE = wholemodule;
				SWIFT_OPTIMIZATION_LEVEL = "-O";
				VALIDATE_PRODUCT = YES;
			};
			name = Release;
		};
		5C0E663F20F42B76005F9747 /* Debug */ = {
			isa = XCBuildConfiguration;
			buildSettings = {
				ASSETCATALOG_COMPILER_APPICON_NAME = AppIcon;
				CODE_SIGN_STYLE = Automatic;
				DEVELOPMENT_TEAM = X34TAZZQJ3;
				INFOPLIST_FILE = ARImageDetection/Info.plist;
				LD_RUNPATH_SEARCH_PATHS = (
					"$(inherited)",
					"@executable_path/Frameworks",
				);
				PRODUCT_BUNDLE_IDENTIFIER = io.design.io.23;
				PRODUCT_NAME = "AR Detection v1.0";
				SWIFT_VERSION = 4.2;
				TARGETED_DEVICE_FAMILY = "1,2";
			};
			name = Debug;
		};
		5C0E664020F42B76005F9747 /* Release */ = {
			isa = XCBuildConfiguration;
			buildSettings = {
				ASSETCATALOG_COMPILER_APPICON_NAME = AppIcon;
				CODE_SIGN_STYLE = Automatic;
				DEVELOPMENT_TEAM = X34TAZZQJ3;
				INFOPLIST_FILE = ARImageDetection/Info.plist;
				LD_RUNPATH_SEARCH_PATHS = (
					"$(inherited)",
					"@executable_path/Frameworks",
				);
				PRODUCT_BUNDLE_IDENTIFIER = io.design.io.23;
				PRODUCT_NAME = "AR Detection v1.0";
				SWIFT_VERSION = 4.2;
				TARGETED_DEVICE_FAMILY = "1,2";
			};
			name = Release;
		};
/* End XCBuildConfiguration section */

/* Begin XCConfigurationList section */
		5C0E662520F42B73005F9747 /* Build configuration list for PBXProject "AR Detection" */ = {
			isa = XCConfigurationList;
			buildConfigurations = (
				5C0E663C20F42B76005F9747 /* Debug */,
				5C0E663D20F42B76005F9747 /* Release */,
			);
			defaultConfigurationIsVisible = 0;
			defaultConfigurationName = Release;
		};
		5C0E663E20F42B76005F9747 /* Build configuration list for PBXNativeTarget "AR Detection" */ = {
			isa = XCConfigurationList;
			buildConfigurations = (
				5C0E663F20F42B76005F9747 /* Debug */,
				5C0E664020F42B76005F9747 /* Release */,
			);
			defaultConfigurationIsVisible = 0;
			defaultConfigurationName = Release;
		};
/* End XCConfigurationList section */
	};
	rootObject = 5C0E662220F42B73005F9747 /* Project object */;
}
