// !$*UTF8*$!
{
	archiveVersion = 1;
	classes = {
	};
	objectVersion = 50;
	objects = {

/* Begin PBXBuildFile section */
		D79190E42381683E003A4097 /* AppDelegate.swift in Sources */ = {isa = PBXBuildFile; fileRef = D79190E32381683E003A4097 /* AppDelegate.swift */; };
		D79190E62381683E003A4097 /* art.scnassets in Resources */ = {isa = PBXBuildFile; fileRef = D79190E52381683E003A4097 /* art.scnassets */; };
		D79190E82381683E003A4097 /* ViewController.swift in Sources */ = {isa = PBXBuildFile; fileRef = D79190E72381683E003A4097 /* ViewController.swift */; };
		D79190EB2381683E003A4097 /* Main.storyboard in Resources */ = {isa = PBXBuildFile; fileRef = D79190E92381683E003A4097 /* Main.storyboard */; };
		D79190ED23816840003A4097 /* Assets.xcassets in Resources */ = {isa = PBXBuildFile; fileRef = D79190EC23816840003A4097 /* Assets.xcassets */; };
		D79190F023816840003A4097 /* LaunchScreen.storyboard in Resources */ = {isa = PBXBuildFile; fileRef = D79190EE23816840003A4097 /* LaunchScreen.storyboard */; };
		D79190F823817FCF003A4097 /* PlanetScene.sks in Resources */ = {isa = PBXBuildFile; fileRef = D79190F723817FCF003A4097 /* PlanetScene.sks */; };
/* End PBXBuildFile section */

/* Begin PBXFileReference section */
		D79190E02381683E003A4097 /* Detecting test.app */ = {isa = PBXFileReference; explicitFileType = wrapper.application; includeInIndex = 0; path = "Detecting test.app"; sourceTree = BUILT_PRODUCTS_DIR; };
		D79190E32381683E003A4097 /* AppDelegate.swift */ = {isa = PBXFileReference; lastKnownFileType = sourcecode.swift; path = AppDelegate.swift; sourceTree = "<group>"; };
		D79190E52381683E003A4097 /* art.scnassets */ = {isa = PBXFileReference; lastKnownFileType = wrapper.scnassets; path = art.scnassets; sourceTree = "<group>"; };
		D79190E72381683E003A4097 /* ViewController.swift */ = {isa = PBXFileReference; lastKnownFileType = sourcecode.swift; path = ViewController.swift; sourceTree = "<group>"; };
		D79190EA2381683E003A4097 /* Base */ = {isa = PBXFileReference; lastKnownFileType = file.storyboard; name = Base; path = Base.lproj/Main.storyboard; sourceTree = "<group>"; };
		D79190EC23816840003A4097 /* Assets.xcassets */ = {isa = PBXFileReference; lastKnownFileType = folder.assetcatalog; path = Assets.xcassets; sourceTree = "<group>"; };
		D79190EF23816840003A4097 /* Base */ = {isa = PBXFileReference; lastKnownFileType = file.storyboard; name = Base; path = Base.lproj/LaunchScreen.storyboard; sourceTree = "<group>"; };
		D79190F123816840003A4097 /* Info.plist */ = {isa = PBXFileReference; lastKnownFileType = text.plist.xml; path = Info.plist; sourceTree = "<group>"; };
		D79190F723817FCF003A4097 /* PlanetScene.sks */ = {isa = PBXFileReference; lastKnownFileType = file.sks; path = PlanetScene.sks; sourceTree = "<group>"; };
/* End PBXFileReference section */

/* Begin PBXFrameworksBuildPhase section */
		D79190DD2381683E003A4097 /* Frameworks */ = {
			isa = PBXFrameworksBuildPhase;
			buildActionMask = 2147483647;
			files = (
			);
			runOnlyForDeploymentPostprocessing = 0;
		};
/* End PBXFrameworksBuildPhase section */

/* Begin PBXGroup section */
		D79190D72381683E003A4097 = {
			isa = PBXGroup;
			children = (
				D79190E22381683E003A4097 /* Detecting test */,
				D79190E12381683E003A4097 /* Products */,
			);
			sourceTree = "<group>";
		};
		D79190E12381683E003A4097 /* Products */ = {
			isa = PBXGroup;
			children = (
				D79190E02381683E003A4097 /* Detecting test.app */,
			);
			name = Products;
			sourceTree = "<group>";
		};
		D79190E22381683E003A4097 /* Detecting test */ = {
			isa = PBXGroup;
			children = (
				D79190E32381683E003A4097 /* AppDelegate.swift */,
				D79190E52381683E003A4097 /* art.scnassets */,
				D79190E72381683E003A4097 /* ViewController.swift */,
				D79190F723817FCF003A4097 /* PlanetScene.sks */,
				D79190E92381683E003A4097 /* Main.storyboard */,
				D79190EC23816840003A4097 /* Assets.xcassets */,
				D79190EE23816840003A4097 /* LaunchScreen.storyboard */,
				D79190F123816840003A4097 /* Info.plist */,
			);
			path = "Detecting test";
			sourceTree = "<group>";
		};
/* End PBXGroup section */

/* Begin PBXNativeTarget section */
		D79190DF2381683E003A4097 /* Detecting test */ = {
			isa = PBXNativeTarget;
			buildConfigurationList = D79190F423816840003A4097 /* Build configuration list for PBXNativeTarget "Detecting test" */;
			buildPhases = (
				D79190DC2381683E003A4097 /* Sources */,
				D79190DD2381683E003A4097 /* Frameworks */,
				D79190DE2381683E003A4097 /* Resources */,
			);
			buildRules = (
			);
			dependencies = (
			);
			name = "Detecting test";
			productName = "Detecting test";
			productReference = D79190E02381683E003A4097 /* Detecting test.app */;
			productType = "com.apple.product-type.application";
		};
/* End PBXNativeTarget section */

/* Begin PBXProject section */
		D79190D82381683E003A4097 /* Project object */ = {
			isa = PBXProject;
			attributes = {
				LastSwiftUpdateCheck = 1120;
				LastUpgradeCheck = 1120;
				ORGANIZATIONNAME = Jin;
				TargetAttributes = {
					D79190DF2381683E003A4097 = {
						CreatedOnToolsVersion = 11.2.1;
					};
				};
			};
			buildConfigurationList = D79190DB2381683E003A4097 /* Build configuration list for PBXProject "Detecting test" */;
			compatibilityVersion = "Xcode 9.3";
			developmentRegion = en;
			hasScannedForEncodings = 0;
			knownRegions = (
				en,
				Base,
			);
			mainGroup = D79190D72381683E003A4097;
			productRefGroup = D79190E12381683E003A4097 /* Products */;
			projectDirPath = "";
			projectRoot = "";
			targets = (
				D79190DF2381683E003A4097 /* Detecting test */,
			);
		};
/* End PBXProject section */

/* Begin PBXResourcesBuildPhase section */
		D79190DE2381683E003A4097 /* Resources */ = {
			isa = PBXResourcesBuildPhase;
			buildActionMask = 2147483647;
			files = (
				D79190E62381683E003A4097 /* art.scnassets in Resources */,
				D79190F823817FCF003A4097 /* PlanetScene.sks in Resources */,
				D79190F023816840003A4097 /* LaunchScreen.storyboard in Resources */,
				D79190ED23816840003A4097 /* Assets.xcassets in Resources */,
				D79190EB2381683E003A4097 /* Main.storyboard in Resources */,
			);
			runOnlyForDeploymentPostprocessing = 0;
		};
/* End PBXResourcesBuildPhase section */

/* Begin PBXSourcesBuildPhase section */
		D79190DC2381683E003A4097 /* Sources */ = {
			isa = PBXSourcesBuildPhase;
			buildActionMask = 2147483647;
			files = (
				D79190E82381683E003A4097 /* ViewController.swift in Sources */,
				D79190E42381683E003A4097 /* AppDelegate.swift in Sources */,
			);
			runOnlyForDeploymentPostprocessing = 0;
		};
/* End PBXSourcesBuildPhase section */

/* Begin PBXVariantGroup section */
		D79190E92381683E003A4097 /* Main.storyboard */ = {
			isa = PBXVariantGroup;
			children = (
				D79190EA2381683E003A4097 /* Base */,
			);
			name = Main.storyboard;
			sourceTree = "<group>";
		};
		D79190EE23816840003A4097 /* LaunchScreen.storyboard */ = {
			isa = PBXVariantGroup;
			children = (
				D79190EF23816840003A4097 /* Base */,
			);
			name = LaunchScreen.storyboard;
			sourceTree = "<group>";
		};
/* End PBXVariantGroup section */

/* Begin XCBuildConfiguration section */
		D79190F223816840003A4097 /* Debug */ = {
			isa = XCBuildConfiguration;
			buildSettings = {
				ALWAYS_SEARCH_USER_PATHS = NO;
				CLANG_ANALYZER_NONNULL = YES;
				CLANG_ANALYZER_NUMBER_OBJECT_CONVERSION = YES_AGGRESSIVE;
				CLANG_CXX_LANGUAGE_STANDARD = "gnu++14";
				CLANG_CXX_LIBRARY = "libc++";
				CLANG_ENABLE_MODULES = YES;
				CLANG_ENABLE_OBJC_ARC = YES;
				CLANG_ENABLE_OBJC_WEAK = YES;
				CLANG_WARN_BLOCK_CAPTURE_AUTORELEASING = YES;
				CLANG_WARN_BOOL_CONVERSION = YES;
				CLANG_WARN_COMMA = YES;
				CLANG_WARN_CONSTANT_CONVERSION = YES;
				CLANG_WARN_DEPRECATED_OBJC_IMPLEMENTATIONS = YES;
				CLANG_WARN_DIRECT_OBJC_ISA_USAGE = YES_ERROR;
				CLANG_WARN_DOCUMENTATION_COMMENTS = YES;
				CLANG_WARN_EMPTY_BODY = YES;
				CLANG_WARN_ENUM_CONVERSION = YES;
				CLANG_WARN_INFINITE_RECURSION = YES;
				CLANG_WARN_INT_CONVERSION = YES;
				CLANG_WARN_NON_LITERAL_NULL_CONVERSION = YES;
				CLANG_WARN_OBJC_IMPLICIT_RETAIN_SELF = YES;
				CLANG_WARN_OBJC_LITERAL_CONVERSION = YES;
				CLANG_WARN_OBJC_ROOT_CLASS = YES_ERROR;
				CLANG_WARN_RANGE_LOOP_ANALYSIS = YES;
				CLANG_WARN_STRICT_PROTOTYPES = YES;
				CLANG_WARN_SUSPICIOUS_MOVE = YES;
				CLANG_WARN_UNGUARDED_AVAILABILITY = YES_AGGRESSIVE;
				CLANG_WARN_UNREACHABLE_CODE = YES;
				CLANG_WARN__DUPLICATE_METHOD_MATCH = YES;
				COPY_PHASE_STRIP = NO;
				DEBUG_INFORMATION_FORMAT = dwarf;
				ENABLE_STRICT_OBJC_MSGSEND = YES;
				ENABLE_TESTABILITY = YES;
				GCC_C_LANGUAGE_STANDARD = gnu11;
				GCC_DYNAMIC_NO_PIC = NO;
				GCC_NO_COMMON_BLOCKS = YES;
				GCC_OPTIMIZATION_LEVEL = 0;
				GCC_PREPROCESSOR_DEFINITIONS = (
					"DEBUG=1",
					"$(inherited)",
				);
				GCC_WARN_64_TO_32_BIT_CONVERSION = YES;
				GCC_WARN_ABOUT_RETURN_TYPE = YES_ERROR;
				GCC_WARN_UNDECLARED_SELECTOR = YES;
				GCC_WARN_UNINITIALIZED_AUTOS = YES_AGGRESSIVE;
				GCC_WARN_UNUSED_FUNCTION = YES;
				GCC_WARN_UNUSED_VARIABLE = YES;
				IPHONEOS_DEPLOYMENT_TARGET = 13.2;
				MTL_ENABLE_DEBUG_INFO = INCLUDE_SOURCE;
				MTL_FAST_MATH = YES;
				ONLY_ACTIVE_ARCH = YES;
				SDKROOT = iphoneos;
				SWIFT_ACTIVE_COMPILATION_CONDITIONS = DEBUG;
				SWIFT_OPTIMIZATION_LEVEL = "-Onone";
			};
			name = Debug;
		};
		D79190F323816840003A4097 /* Release */ = {
			isa = XCBuildConfiguration;
			buildSettings = {
				ALWAYS_SEARCH_USER_PATHS = NO;
				CLANG_ANALYZER_NONNULL = YES;
				CLANG_ANALYZER_NUMBER_OBJECT_CONVERSION = YES_AGGRESSIVE;
				CLANG_CXX_LANGUAGE_STANDARD = "gnu++14";
				CLANG_CXX_LIBRARY = "libc++";
				CLANG_ENABLE_MODULES = YES;
				CLANG_ENABLE_OBJC_ARC = YES;
				CLANG_ENABLE_OBJC_WEAK = YES;
				CLANG_WARN_BLOCK_CAPTURE_AUTORELEASING = YES;
				CLANG_WARN_BOOL_CONVERSION = YES;
				CLANG_WARN_COMMA = YES;
				CLANG_WARN_CONSTANT_CONVERSION = YES;
				CLANG_WARN_DEPRECATED_OBJC_IMPLEMENTATIONS = YES;
				CLANG_WARN_DIRECT_OBJC_ISA_USAGE = YES_ERROR;
				CLANG_WARN_DOCUMENTATION_COMMENTS = YES;
				CLANG_WARN_EMPTY_BODY = YES;
				CLANG_WARN_ENUM_CONVERSION = YES;
				CLANG_WARN_INFINITE_RECURSION = YES;
				CLANG_WARN_INT_CONVERSION = YES;
				CLANG_WARN_NON_LITERAL_NULL_CONVERSION = YES;
				CLANG_WARN_OBJC_IMPLICIT_RETAIN_SELF = YES;
				CLANG_WARN_OBJC_LITERAL_CONVERSION = YES;
				CLANG_WARN_OBJC_ROOT_CLASS = YES_ERROR;
				CLANG_WARN_RANGE_LOOP_ANALYSIS = YES;
				CLANG_WARN_STRICT_PROTOTYPES = YES;
				CLANG_WARN_SUSPICIOUS_MOVE = YES;
				CLANG_WARN_UNGUARDED_AVAILABILITY = YES_AGGRESSIVE;
				CLANG_WARN_UNREACHABLE_CODE = YES;
				CLANG_WARN__DUPLICATE_METHOD_MATCH = YES;
				COPY_PHASE_STRIP = NO;
				DEBUG_INFORMATION_FORMAT = "dwarf-with-dsym";
				ENABLE_NS_ASSERTIONS = NO;
				ENABLE_STRICT_OBJC_MSGSEND = YES;
				GCC_C_LANGUAGE_STANDARD = gnu11;
				GCC_NO_COMMON_BLOCKS = YES;
				GCC_WARN_64_TO_32_BIT_CONVERSION = YES;
				GCC_WARN_ABOUT_RETURN_TYPE = YES_ERROR;
				GCC_WARN_UNDECLARED_SELECTOR = YES;
				GCC_WARN_UNINITIALIZED_AUTOS = YES_AGGRESSIVE;
				GCC_WARN_UNUSED_FUNCTION = YES;
				GCC_WARN_UNUSED_VARIABLE = YES;
				IPHONEOS_DEPLOYMENT_TARGET = 13.2;
				MTL_ENABLE_DEBUG_INFO = NO;
				MTL_FAST_MATH = YES;
				SDKROOT = iphoneos;
				SWIFT_COMPILATION_MODE = wholemodule;
				SWIFT_OPTIMIZATION_LEVEL = "-O";
				VALIDATE_PRODUCT = YES;
			};
			name = Release;
		};
		D79190F523816840003A4097 /* Debug */ = {
			isa = XCBuildConfiguration;
			buildSettings = {
				ASSETCATALOG_COMPILER_APPICON_NAME = AppIcon;
				CODE_SIGN_STYLE = Automatic;
				DEVELOPMENT_TEAM = 8K22N87H8L;
				INFOPLIST_FILE = "Detecting test/Info.plist";
				LD_RUNPATH_SEARCH_PATHS = (
					"$(inherited)",
					"@executable_path/Frameworks",
				);
				PRODUCT_BUNDLE_IDENTIFIER = "EveryonEqual.Detecting-test";
				PRODUCT_NAME = "$(TARGET_NAME)";
				SWIFT_VERSION = 5.0;
				TARGETED_DEVICE_FAMILY = "1,2";
			};
			name = Debug;
		};
		D79190F623816840003A4097 /* Release */ = {
			isa = XCBuildConfiguration;
			buildSettings = {
				ASSETCATALOG_COMPILER_APPICON_NAME = AppIcon;
				CODE_SIGN_STYLE = Automatic;
				DEVELOPMENT_TEAM = 8K22N87H8L;
				INFOPLIST_FILE = "Detecting test/Info.plist";
				LD_RUNPATH_SEARCH_PATHS = (
					"$(inherited)",
					"@executable_path/Frameworks",
				);
				PRODUCT_BUNDLE_IDENTIFIER = "EveryonEqual.Detecting-test";
				PRODUCT_NAME = "$(TARGET_NAME)";
				SWIFT_VERSION = 5.0;
				TARGETED_DEVICE_FAMILY = "1,2";
			};
			name = Release;
		};
/* End XCBuildConfiguration section */

/* Begin XCConfigurationList section */
		D79190DB2381683E003A4097 /* Build configuration list for PBXProject "Detecting test" */ = {
			isa = XCConfigurationList;
			buildConfigurations = (
				D79190F223816840003A4097 /* Debug */,
				D79190F323816840003A4097 /* Release */,
			);
			defaultConfigurationIsVisible = 0;
			defaultConfigurationName = Release;
		};
		D79190F423816840003A4097 /* Build configuration list for PBXNativeTarget "Detecting test" */ = {
			isa = XCConfigurationList;
			buildConfigurations = (
				D79190F523816840003A4097 /* Debug */,
				D79190F623816840003A4097 /* Release */,
			);
			defaultConfigurationIsVisible = 0;
			defaultConfigurationName = Release;
		};
/* End XCConfigurationList section */
	};
	rootObject = D79190D82381683E003A4097 /* Project object */;
}
